schema: '2.0'
stages:
  train:
    cmd: python main.py
    deps:
    - path: main.py
      md5: ca8a89f96b0b83e8feda74bf699361a1
      size: 3187
    params:
      params.yaml:
        train.learning_rate: 0.001
        train.num_epochs: 100
  evaluate:
    cmd: python src/evaluate.py
    deps:
    - path: src/evaluate.py
      md5: d361a1d65fc077f371413fa4cc0742ec
      size: 429
    params:
      params.yaml:
        train.learning_rate: 0.001
        train.num_epochs: 200
    outs:
    - path: log.csv
      md5: 38b9a2a072d1437b8e96974ddc67cd8a
      size: 40
