schema: '2.0'
stages:
  train:
    cmd: python main.py
    deps:
    - path: main.py
      md5: ca8a89f96b0b83e8feda74bf699361a1
      size: 3187
    params:
      params.yaml:
        train.learning_rate: 0.001
        train.num_epochs: 100
  evaluate:
    cmd: python src/evaluate.py
    deps:
    - path: src/evaluate.py
      md5: d361a1d65fc077f371413fa4cc0742ec
      size: 429
    params:
      params.yaml:
        train.learning_rate: 0.001
        train.num_epochs: 300
    outs:
    - path: log.csv
      md5: e13dc7bb477e9ba85dad240f95acb7d7
      size: 40
    - path: pics/los_arr.png
      md5: e537dbc5e8db445453546053906eaeda
      size: 14872
