schema: '2.0'
stages:
  train:
    cmd: python main.py
    deps:
    - path: main.py
      md5: ca8a89f96b0b83e8feda74bf699361a1
      size: 3187
    params:
      params.yaml:
        train.learning_rate: 0.001
        train.num_epochs: 100
  evaluate:
    cmd: python src\evaluate.py
    deps:
    - path: src\evaluate.py
      md5: 22b11fbd0ea47362e4ee854d72eaaa8c
      size: 566
    params:
      params.yaml:
        train.learning_rate: 0.001
        train.num_epochs: 300
